
Microsoft Visual Studio Solution File, Format Version 12.00
# Visual Studio Version 17
VisualStudioVersion = 17.5.002.0
MinimumVisualStudioVersion = 10.0.40219.1
Project("{9A19103F-16F7-4668-BE54-9A1E7A4F7556}") = "test", "test.csproj", "{61F325ED-879B-4072-8B61-4311A511383B}"
EndProject
Global
	GlobalSection(SolutionConfigurationPlatforms) = preSolution
		Debug|Any CPU = Debug|Any CPU
		Release|Any CPU = Release|Any CPU
	EndGlobalSection
	GlobalSection(ProjectConfigurationPlatforms) = postSolution
		{61F325ED-879B-4072-8B61-4311A511383B}.Debug|Any CPU.ActiveCfg = Debug|Any CPU
		{61F325ED-879B-4072-8B61-4311A511383B}.Debug|Any CPU.Build.0 = Debug|Any CPU
		{61F325ED-879B-4072-8B61-4311A511383B}.Release|Any CPU.ActiveCfg = Release|Any CPU
		{61F325ED-879B-4072-8B61-4311A511383B}.Release|Any CPU.Build.0 = Release|Any CPU
	EndGlobalSection
	GlobalSection(SolutionProperties) = preSolution
		HideSolutionNode = FALSE
	EndGlobalSection
	GlobalSection(ExtensibilityGlobals) = postSolution
		SolutionGuid = {AC07A0B9-BB75-4862-8F45-DB7E9B7F6CBB}
	EndGlobalSection
EndGlobal
